
Microsoft Visual Studio Solution File, Format Version 12.00
# Visual Studio Version 16
VisualStudioVersion = 16.0.31321.278
MinimumVisualStudioVersion = 10.0.40219.1
Project("{9A19103F-16F7-4668-BE54-9A1E7A4F7556}") = "UdemyNLayer_Project.API", "UdemyNLayer_Project.API\UdemyNLayer_Project.API.csproj", "{64896015-D584-4188-ABC1-C6B843B1F816}"
EndProject
Project("{9A19103F-16F7-4668-BE54-9A1E7A4F7556}") = "UdemyNLayer_Project.Core", "UdemyNLayer_Project.Core\UdemyNLayer_Project.Core.csproj", "{EDEBC0F9-45BA-47D5-B5B2-6056171AC11D}"
EndProject
Project("{9A19103F-16F7-4668-BE54-9A1E7A4F7556}") = "UdemyNLayer_Project.Data", "UdemyNLayer_Project.Data\UdemyNLayer_Project.Data.csproj", "{88E6A982-7D40-49BC-B6D1-BF7D755B0159}"
EndProject
Project("{9A19103F-16F7-4668-BE54-9A1E7A4F7556}") = "UdemyNLayer_Project.Service", "UdemyNLayer_Project.Service\UdemyNLayer_Project.Service.csproj", "{5CFE7B22-6714-4C41-AFB2-F29079205581}"
EndProject
Global
	GlobalSection(SolutionConfigurationPlatforms) = preSolution
		Debug|Any CPU = Debug|Any CPU
		Release|Any CPU = Release|Any CPU
	EndGlobalSection
	GlobalSection(ProjectConfigurationPlatforms) = postSolution
		{64896015-D584-4188-ABC1-C6B843B1F816}.Debug|Any CPU.ActiveCfg = Debug|Any CPU
		{64896015-D584-4188-ABC1-C6B843B1F816}.Debug|Any CPU.Build.0 = Debug|Any CPU
		{64896015-D584-4188-ABC1-C6B843B1F816}.Release|Any CPU.ActiveCfg = Release|Any CPU
		{64896015-D584-4188-ABC1-C6B843B1F816}.Release|Any CPU.Build.0 = Release|Any CPU
		{EDEBC0F9-45BA-47D5-B5B2-6056171AC11D}.Debug|Any CPU.ActiveCfg = Debug|Any CPU
		{EDEBC0F9-45BA-47D5-B5B2-6056171AC11D}.Debug|Any CPU.Build.0 = Debug|Any CPU
		{EDEBC0F9-45BA-47D5-B5B2-6056171AC11D}.Release|Any CPU.ActiveCfg = Release|Any CPU
		{EDEBC0F9-45BA-47D5-B5B2-6056171AC11D}.Release|Any CPU.Build.0 = Release|Any CPU
		{88E6A982-7D40-49BC-B6D1-BF7D755B0159}.Debug|Any CPU.ActiveCfg = Debug|Any CPU
		{88E6A982-7D40-49BC-B6D1-BF7D755B0159}.Debug|Any CPU.Build.0 = Debug|Any CPU
		{88E6A982-7D40-49BC-B6D1-BF7D755B0159}.Release|Any CPU.ActiveCfg = Release|Any CPU
		{88E6A982-7D40-49BC-B6D1-BF7D755B0159}.Release|Any CPU.Build.0 = Release|Any CPU
		{5CFE7B22-6714-4C41-AFB2-F29079205581}.Debug|Any CPU.ActiveCfg = Debug|Any CPU
		{5CFE7B22-6714-4C41-AFB2-F29079205581}.Debug|Any CPU.Build.0 = Debug|Any CPU
		{5CFE7B22-6714-4C41-AFB2-F29079205581}.Release|Any CPU.ActiveCfg = Release|Any CPU
		{5CFE7B22-6714-4C41-AFB2-F29079205581}.Release|Any CPU.Build.0 = Release|Any CPU
	EndGlobalSection
	GlobalSection(SolutionProperties) = preSolution
		HideSolutionNode = FALSE
	EndGlobalSection
	GlobalSection(ExtensibilityGlobals) = postSolution
		SolutionGuid = {408F1695-480E-4DD0-8B45-66231590C112}
	EndGlobalSection
EndGlobal
