
Microsoft Visual Studio Solution File, Format Version 12.00
# Visual Studio Version 16
VisualStudioVersion = 16.0.31321.278
MinimumVisualStudioVersion = 10.0.40219.1
Project("{FAE04EC0-301F-11D3-BF4B-00C04F79EFBC}") = "IdentityUserDeneme2", "IdentityUserDeneme2\IdentityUserDeneme2.csproj", "{7032EA34-810B-4801-A4FD-79F77FCACA97}"
EndProject
Global
	GlobalSection(SolutionConfigurationPlatforms) = preSolution
		Debug|Any CPU = Debug|Any CPU
		Release|Any CPU = Release|Any CPU
	EndGlobalSection
	GlobalSection(ProjectConfigurationPlatforms) = postSolution
		{7032EA34-810B-4801-A4FD-79F77FCACA97}.Debug|Any CPU.ActiveCfg = Debug|Any CPU
		{7032EA34-810B-4801-A4FD-79F77FCACA97}.Debug|Any CPU.Build.0 = Debug|Any CPU
		{7032EA34-810B-4801-A4FD-79F77FCACA97}.Release|Any CPU.ActiveCfg = Release|Any CPU
		{7032EA34-810B-4801-A4FD-79F77FCACA97}.Release|Any CPU.Build.0 = Release|Any CPU
	EndGlobalSection
	GlobalSection(SolutionProperties) = preSolution
		HideSolutionNode = FALSE
	EndGlobalSection
	GlobalSection(ExtensibilityGlobals) = postSolution
		SolutionGuid = {9E993034-8149-4CF9-AE38-819031F4D476}
	EndGlobalSection
EndGlobal
